Microsoft Visual Studio Solution File, Format Version 12.00
# Visual Studio Version 17
VisualStudioVersion = 17.0.31903.59
MinimumVisualStudioVersion = 10.0.40219.1
Project("{2150E333-8FDC-42A3-9474-1A3956D46DE8}") = "src", "src", "{827E0CD3-B72D-47B6-A68D-7590B98EB39B}"
EndProject
Project("{FAE04EC0-301F-11D3-BF4B-00C04F79EFBC}") = "Api", "src\Api\Api.csproj", "{59F145C0-50C0-440D-A11F-749544A9FCBB}"
EndProject
Project("{FAE04EC0-301F-11D3-BF4B-00C04F79EFBC}") = "Domain", "src\Domain\Domain.csproj", "{1FEC968B-B604-4173-8D33-08C2669CDA55}"
EndProject
Project("{FAE04EC0-301F-11D3-BF4B-00C04F79EFBC}") = "Infrastructure", "src\Infrastructure\Infrastructure.csproj", "{EC22FFA9-0EE0-4C32-83DD-070FEE20F957}"
EndProject
Project("{FAE04EC0-301F-11D3-BF4B-00C04F79EFBC}") = "Application", "src\Application\Application.csproj", "{591CAAEC-56FE-4F08-9A31-6A789B0308BA}"
EndProject
Project("{FAE04EC0-301F-11D3-BF4B-00C04F79EFBC}") = "Functions", "src\Functions\Functions.csproj", "{FFB36089-E806-4736-B116-7DF93CAA7B74}"
EndProject
Global
	GlobalSection(SolutionConfigurationPlatforms) = preSolution
		Debug|Any CPU = Debug|Any CPU
		Debug|x64 = Debug|x64
		Debug|x86 = Debug|x86
		Release|Any CPU = Release|Any CPU
		Release|x64 = Release|x64
		Release|x86 = Release|x86
	EndGlobalSection
	GlobalSection(ProjectConfigurationPlatforms) = postSolution
		{59F145C0-50C0-440D-A11F-749544A9FCBB}.Debug|Any CPU.ActiveCfg = Debug|Any CPU
		{59F145C0-50C0-440D-A11F-749544A9FCBB}.Debug|Any CPU.Build.0 = Debug|Any CPU
		{59F145C0-50C0-440D-A11F-749544A9FCBB}.Debug|x64.ActiveCfg = Debug|Any CPU
		{59F145C0-50C0-440D-A11F-749544A9FCBB}.Debug|x64.Build.0 = Debug|Any CPU
		{59F145C0-50C0-440D-A11F-749544A9FCBB}.Debug|x86.ActiveCfg = Debug|Any CPU
		{59F145C0-50C0-440D-A11F-749544A9FCBB}.Debug|x86.Build.0 = Debug|Any CPU
		{59F145C0-50C0-440D-A11F-749544A9FCBB}.Release|Any CPU.ActiveCfg = Release|Any CPU
		{59F145C0-50C0-440D-A11F-749544A9FCBB}.Release|Any CPU.Build.0 = Release|Any CPU
		{59F145C0-50C0-440D-A11F-749544A9FCBB}.Release|x64.ActiveCfg = Release|Any CPU
		{59F145C0-50C0-440D-A11F-749544A9FCBB}.Release|x64.Build.0 = Release|Any CPU
		{59F145C0-50C0-440D-A11F-749544A9FCBB}.Release|x86.ActiveCfg = Release|Any CPU
		{59F145C0-50C0-440D-A11F-749544A9FCBB}.Release|x86.Build.0 = Release|Any CPU
		{1FEC968B-B604-4173-8D33-08C2669CDA55}.Debug|Any CPU.ActiveCfg = Debug|Any CPU
		{1FEC968B-B604-4173-8D33-08C2669CDA55}.Debug|Any CPU.Build.0 = Debug|Any CPU
		{1FEC968B-B604-4173-8D33-08C2669CDA55}.Debug|x64.ActiveCfg = Debug|Any CPU
		{1FEC968B-B604-4173-8D33-08C2669CDA55}.Debug|x64.Build.0 = Debug|Any CPU
		{1FEC968B-B604-4173-8D33-08C2669CDA55}.Debug|x86.ActiveCfg = Debug|Any CPU
		{1FEC968B-B604-4173-8D33-08C2669CDA55}.Debug|x86.Build.0 = Debug|Any CPU
		{1FEC968B-B604-4173-8D33-08C2669CDA55}.Release|Any CPU.ActiveCfg = Release|Any CPU
		{1FEC968B-B604-4173-8D33-08C2669CDA55}.Release|Any CPU.Build.0 = Release|Any CPU
		{1FEC968B-B604-4173-8D33-08C2669CDA55}.Release|x64.ActiveCfg = Release|Any CPU
		{1FEC968B-B604-4173-8D33-08C2669CDA55}.Release|x64.Build.0 = Release|Any CPU
		{1FEC968B-B604-4173-8D33-08C2669CDA55}.Release|x86.ActiveCfg = Release|Any CPU
		{1FEC968B-B604-4173-8D33-08C2669CDA55}.Release|x86.Build.0 = Release|Any CPU
		{EC22FFA9-0EE0-4C32-83DD-070FEE20F957}.Debug|Any CPU.ActiveCfg = Debug|Any CPU
		{EC22FFA9-0EE0-4C32-83DD-070FEE20F957}.Debug|Any CPU.Build.0 = Debug|Any CPU
		{EC22FFA9-0EE0-4C32-83DD-070FEE20F957}.Debug|x64.ActiveCfg = Debug|Any CPU
		{EC22FFA9-0EE0-4C32-83DD-070FEE20F957}.Debug|x64.Build.0 = Debug|Any CPU
		{EC22FFA9-0EE0-4C32-83DD-070FEE20F957}.Debug|x86.ActiveCfg = Debug|Any CPU
		{EC22FFA9-0EE0-4C32-83DD-070FEE20F957}.Debug|x86.Build.0 = Debug|Any CPU
		{EC22FFA9-0EE0-4C32-83DD-070FEE20F957}.Release|Any CPU.ActiveCfg = Release|Any CPU
		{EC22FFA9-0EE0-4C32-83DD-070FEE20F957}.Release|Any CPU.Build.0 = Release|Any CPU
		{EC22FFA9-0EE0-4C32-83DD-070FEE20F957}.Release|x64.ActiveCfg = Release|Any CPU
		{EC22FFA9-0EE0-4C32-83DD-070FEE20F957}.Release|x64.Build.0 = Release|Any CPU
		{EC22FFA9-0EE0-4C32-83DD-070FEE20F957}.Release|x86.ActiveCfg = Release|Any CPU
		{EC22FFA9-0EE0-4C32-83DD-070FEE20F957}.Release|x86.Build.0 = Release|Any CPU
		{591CAAEC-56FE-4F08-9A31-6A789B0308BA}.Debug|Any CPU.ActiveCfg = Debug|Any CPU
		{591CAAEC-56FE-4F08-9A31-6A789B0308BA}.Debug|Any CPU.Build.0 = Debug|Any CPU
		{591CAAEC-56FE-4F08-9A31-6A789B0308BA}.Debug|x64.ActiveCfg = Debug|Any CPU
		{591CAAEC-56FE-4F08-9A31-6A789B0308BA}.Debug|x64.Build.0 = Debug|Any CPU
		{591CAAEC-56FE-4F08-9A31-6A789B0308BA}.Debug|x86.ActiveCfg = Debug|Any CPU
		{591CAAEC-56FE-4F08-9A31-6A789B0308BA}.Debug|x86.Build.0 = Debug|Any CPU
		{591CAAEC-56FE-4F08-9A31-6A789B0308BA}.Release|Any CPU.ActiveCfg = Release|Any CPU
		{591CAAEC-56FE-4F08-9A31-6A789B0308BA}.Release|Any CPU.Build.0 = Release|Any CPU
		{591CAAEC-56FE-4F08-9A31-6A789B0308BA}.Release|x64.ActiveCfg = Release|Any CPU
		{591CAAEC-56FE-4F08-9A31-6A789B0308BA}.Release|x64.Build.0 = Release|Any CPU
		{591CAAEC-56FE-4F08-9A31-6A789B0308BA}.Release|x86.ActiveCfg = Release|Any CPU
		{591CAAEC-56FE-4F08-9A31-6A789B0308BA}.Release|x86.Build.0 = Release|Any CPU
		{FFB36089-E806-4736-B116-7DF93CAA7B74}.Debug|Any CPU.ActiveCfg = Debug|Any CPU
		{FFB36089-E806-4736-B116-7DF93CAA7B74}.Debug|Any CPU.Build.0 = Debug|Any CPU
		{FFB36089-E806-4736-B116-7DF93CAA7B74}.Debug|x64.ActiveCfg = Debug|Any CPU
		{FFB36089-E806-4736-B116-7DF93CAA7B74}.Debug|x64.Build.0 = Debug|Any CPU
		{FFB36089-E806-4736-B116-7DF93CAA7B74}.Debug|x86.ActiveCfg = Debug|Any CPU
		{FFB36089-E806-4736-B116-7DF93CAA7B74}.Debug|x86.Build.0 = Debug|Any CPU
		{FFB36089-E806-4736-B116-7DF93CAA7B74}.Release|Any CPU.ActiveCfg = Release|Any CPU
		{FFB36089-E806-4736-B116-7DF93CAA7B74}.Release|Any CPU.Build.0 = Release|Any CPU
		{FFB36089-E806-4736-B116-7DF93CAA7B74}.Release|x64.ActiveCfg = Release|Any CPU
		{FFB36089-E806-4736-B116-7DF93CAA7B74}.Release|x64.Build.0 = Release|Any CPU
		{FFB36089-E806-4736-B116-7DF93CAA7B74}.Release|x86.ActiveCfg = Release|Any CPU
		{FFB36089-E806-4736-B116-7DF93CAA7B74}.Release|x86.Build.0 = Release|Any CPU
	EndGlobalSection
	GlobalSection(SolutionProperties) = preSolution
		HideSolutionNode = FALSE
	EndGlobalSection
	GlobalSection(NestedProjects) = preSolution
		{59F145C0-50C0-440D-A11F-749544A9FCBB} = {827E0CD3-B72D-47B6-A68D-7590B98EB39B}
		{1FEC968B-B604-4173-8D33-08C2669CDA55} = {827E0CD3-B72D-47B6-A68D-7590B98EB39B}
		{EC22FFA9-0EE0-4C32-83DD-070FEE20F957} = {827E0CD3-B72D-47B6-A68D-7590B98EB39B}
		{591CAAEC-56FE-4F08-9A31-6A789B0308BA} = {827E0CD3-B72D-47B6-A68D-7590B98EB39B}
		{FFB36089-E806-4736-B116-7DF93CAA7B74} = {827E0CD3-B72D-47B6-A68D-7590B98EB39B}
	EndGlobalSection
EndGlobal
